// !$*UTF8*$!
{
	archiveVersion = 1;
	classes = {
	};
	objectVersion = 46;
	objects = {

/* Begin PBXBuildFile section */
		871776EC1EBA1C540081F05E /* HomeViewController.m in Sources */ = {isa = PBXBuildFile; fileRef = 871776EB1EBA1C540081F05E /* HomeViewController.m */; };
		871776EF1EBA1CAF0081F05E /* GameViewController.m in Sources */ = {isa = PBXBuildFile; fileRef = 871776EE1EBA1CAF0081F05E /* GameViewController.m */; };
		874CB75F1EC5B246007FDD03 /* Wawati SC.otf in Resources */ = {isa = PBXBuildFile; fileRef = 874CB75D1EC5B1FE007FDD03 /* Wawati SC.otf */; };
		874CB7611EC5D99F007FDD03 /* cloud2.png in Resources */ = {isa = PBXBuildFile; fileRef = 874CB7601EC5D99F007FDD03 /* cloud2.png */; };
		874CB76B1EC5E0BB007FDD03 /* textField.png in Resources */ = {isa = PBXBuildFile; fileRef = 874CB76A1EC5E0BB007FDD03 /* textField.png */; };
		8771DB801EC3347400347E90 /* StepCell.m in Sources */ = {isa = PBXBuildFile; fileRef = 8771DB7E1EC3347400347E90 /* StepCell.m */; };
		8771DB811EC3347400347E90 /* StepCell.xib in Resources */ = {isa = PBXBuildFile; fileRef = 8771DB7F1EC3347400347E90 /* StepCell.xib */; };
		8771DB841EC3348100347E90 /* StepTableViewController.m in Sources */ = {isa = PBXBuildFile; fileRef = 8771DB831EC3348100347E90 /* StepTableViewController.m */; };
		8771DB891EC54D7E00347E90 /* icon.png in Resources */ = {isa = PBXBuildFile; fileRef = 8771DB881EC54D7E00347E90 /* icon.png */; };
		8771DB911EC58F5800347E90 /* 多边形游戏.png in Resources */ = {isa = PBXBuildFile; fileRef = 8771DB901EC58F5800347E90 /* 多边形游戏.png */; };
		8771DB991EC5902E00347E90 /* point.png in Resources */ = {isa = PBXBuildFile; fileRef = 8771DB981EC5902E00347E90 /* point.png */; };
		8771DB9B1EC591F000347E90 /* homeImage.png in Resources */ = {isa = PBXBuildFile; fileRef = 8771DB9A1EC591F000347E90 /* homeImage.png */; };
		8771DB9D1EC593ED00347E90 /* cloud1.png in Resources */ = {isa = PBXBuildFile; fileRef = 8771DB9C1EC593ED00347E90 /* cloud1.png */; };
		879A8BE71EB8D22A000FB1FD /* main.m in Sources */ = {isa = PBXBuildFile; fileRef = 879A8BE61EB8D22A000FB1FD /* main.m */; };
		879A8BEA1EB8D22A000FB1FD /* AppDelegate.m in Sources */ = {isa = PBXBuildFile; fileRef = 879A8BE91EB8D22A000FB1FD /* AppDelegate.m */; };
		879A8BF01EB8D22A000FB1FD /* Main.storyboard in Resources */ = {isa = PBXBuildFile; fileRef = 879A8BEE1EB8D22A000FB1FD /* Main.storyboard */; };
		879A8BF21EB8D22A000FB1FD /* Assets.xcassets in Resources */ = {isa = PBXBuildFile; fileRef = 879A8BF11EB8D22A000FB1FD /* Assets.xcassets */; };
		879A8BF51EB8D22A000FB1FD /* LaunchScreen.storyboard in Resources */ = {isa = PBXBuildFile; fileRef = 879A8BF31EB8D22A000FB1FD /* LaunchScreen.storyboard */; };
		D9B9CA3CB29992309E5B8166 /* libPods-PolygonGame.a in Frameworks */ = {isa = PBXBuildFile; fileRef = A6C41F2C8E53DCADC9309BD6 /* libPods-PolygonGame.a */; };
/* End PBXBuildFile section */

/* Begin PBXFileReference section */
		3AA5ACBF09300082DA2B8035 /* Pods-PolygonGame.debug.xcconfig */ = {isa = PBXFileReference; includeInIndex = 1; lastKnownFileType = text.xcconfig; name = "Pods-PolygonGame.debug.xcconfig"; path = "Pods/Target Support Files/Pods-PolygonGame/Pods-PolygonGame.debug.xcconfig"; sourceTree = "<group>"; };
		871776EA1EBA1C540081F05E /* HomeViewController.h */ = {isa = PBXFileReference; fileEncoding = 4; lastKnownFileType = sourcecode.c.h; path = HomeViewController.h; sourceTree = "<group>"; };
		871776EB1EBA1C540081F05E /* HomeViewController.m */ = {isa = PBXFileReference; fileEncoding = 4; lastKnownFileType = sourcecode.c.objc; path = HomeViewController.m; sourceTree = "<group>"; };
		871776ED1EBA1CAF0081F05E /* GameViewController.h */ = {isa = PBXFileReference; fileEncoding = 4; lastKnownFileType = sourcecode.c.h; path = GameViewController.h; sourceTree = "<group>"; };
		871776EE1EBA1CAF0081F05E /* GameViewController.m */ = {isa = PBXFileReference; fileEncoding = 4; lastKnownFileType = sourcecode.c.objc; path = GameViewController.m; sourceTree = "<group>"; };
		874CB75D1EC5B1FE007FDD03 /* Wawati SC.otf */ = {isa = PBXFileReference; lastKnownFileType = file; path = "Wawati SC.otf"; sourceTree = "<group>"; };
		874CB7601EC5D99F007FDD03 /* cloud2.png */ = {isa = PBXFileReference; lastKnownFileType = image.png; path = cloud2.png; sourceTree = "<group>"; };
		874CB76A1EC5E0BB007FDD03 /* textField.png */ = {isa = PBXFileReference; lastKnownFileType = image.png; path = textField.png; sourceTree = "<group>"; };
		8771DB7D1EC3347400347E90 /* StepCell.h */ = {isa = PBXFileReference; fileEncoding = 4; lastKnownFileType = sourcecode.c.h; path = StepCell.h; sourceTree = "<group>"; };
		8771DB7E1EC3347400347E90 /* StepCell.m */ = {isa = PBXFileReference; fileEncoding = 4; lastKnownFileType = sourcecode.c.objc; path = StepCell.m; sourceTree = "<group>"; };
		8771DB7F1EC3347400347E90 /* StepCell.xib */ = {isa = PBXFileReference; fileEncoding = 4; lastKnownFileType = file.xib; path = StepCell.xib; sourceTree = "<group>"; };
		8771DB821EC3348100347E90 /* StepTableViewController.h */ = {isa = PBXFileReference; fileEncoding = 4; lastKnownFileType = sourcecode.c.h; path = StepTableViewController.h; sourceTree = "<group>"; };
		8771DB831EC3348100347E90 /* StepTableViewController.m */ = {isa = PBXFileReference; fileEncoding = 4; lastKnownFileType = sourcecode.c.objc; path = StepTableViewController.m; sourceTree = "<group>"; };
		8771DB881EC54D7E00347E90 /* icon.png */ = {isa = PBXFileReference; lastKnownFileType = image.png; path = icon.png; sourceTree = "<group>"; };
		8771DB901EC58F5800347E90 /* 多边形游戏.png */ = {isa = PBXFileReference; lastKnownFileType = image.png; path = "多边形游戏.png"; sourceTree = "<group>"; };
		8771DB981EC5902E00347E90 /* point.png */ = {isa = PBXFileReference; lastKnownFileType = image.png; path = point.png; sourceTree = "<group>"; };
		8771DB9A1EC591F000347E90 /* homeImage.png */ = {isa = PBXFileReference; lastKnownFileType = image.png; path = homeImage.png; sourceTree = "<group>"; };
		8771DB9C1EC593ED00347E90 /* cloud1.png */ = {isa = PBXFileReference; lastKnownFileType = image.png; path = cloud1.png; sourceTree = "<group>"; };
		879A8BE21EB8D22A000FB1FD /* PolygonGame.app */ = {isa = PBXFileReference; explicitFileType = wrapper.application; includeInIndex = 0; path = PolygonGame.app; sourceTree = BUILT_PRODUCTS_DIR; };
		879A8BE61EB8D22A000FB1FD /* main.m */ = {isa = PBXFileReference; lastKnownFileType = sourcecode.c.objc; path = main.m; sourceTree = "<group>"; };
		879A8BE81EB8D22A000FB1FD /* AppDelegate.h */ = {isa = PBXFileReference; lastKnownFileType = sourcecode.c.h; path = AppDelegate.h; sourceTree = "<group>"; };
		879A8BE91EB8D22A000FB1FD /* AppDelegate.m */ = {isa = PBXFileReference; lastKnownFileType = sourcecode.c.objc; path = AppDelegate.m; sourceTree = "<group>"; };
		879A8BEF1EB8D22A000FB1FD /* Base */ = {isa = PBXFileReference; lastKnownFileType = file.storyboard; name = Base; path = Base.lproj/Main.storyboard; sourceTree = "<group>"; };
		879A8BF11EB8D22A000FB1FD /* Assets.xcassets */ = {isa = PBXFileReference; lastKnownFileType = folder.assetcatalog; path = Assets.xcassets; sourceTree = "<group>"; };
		879A8BF41EB8D22A000FB1FD /* Base */ = {isa = PBXFileReference; lastKnownFileType = file.storyboard; name = Base; path = Base.lproj/LaunchScreen.storyboard; sourceTree = "<group>"; };
		879A8BF61EB8D22A000FB1FD /* Info.plist */ = {isa = PBXFileReference; lastKnownFileType = text.plist.xml; path = Info.plist; sourceTree = "<group>"; };
		A6C41F2C8E53DCADC9309BD6 /* libPods-PolygonGame.a */ = {isa = PBXFileReference; explicitFileType = archive.ar; includeInIndex = 0; path = "libPods-PolygonGame.a"; sourceTree = BUILT_PRODUCTS_DIR; };
		C1BC345F1F448401C1984D8C /* Pods-PolygonGame.release.xcconfig */ = {isa = PBXFileReference; includeInIndex = 1; lastKnownFileType = text.xcconfig; name = "Pods-PolygonGame.release.xcconfig"; path = "Pods/Target Support Files/Pods-PolygonGame/Pods-PolygonGame.release.xcconfig"; sourceTree = "<group>"; };
/* End PBXFileReference section */

/* Begin PBXFrameworksBuildPhase section */
		879A8BDF1EB8D22A000FB1FD /* Frameworks */ = {
			isa = PBXFrameworksBuildPhase;
			buildActionMask = 2147483647;
			files = (
				D9B9CA3CB29992309E5B8166 /* libPods-PolygonGame.a in Frameworks */,
			);
			runOnlyForDeploymentPostprocessing = 0;
		};
/* End PBXFrameworksBuildPhase section */

/* Begin PBXGroup section */
		79541DAA8B1D59A5EEFB30EE /* Pods */ = {
			isa = PBXGroup;
			children = (
				3AA5ACBF09300082DA2B8035 /* Pods-PolygonGame.debug.xcconfig */,
				C1BC345F1F448401C1984D8C /* Pods-PolygonGame.release.xcconfig */,
			);
			name = Pods;
			sourceTree = "<group>";
		};
		8771DB851EC54D0200347E90 /* images */ = {
			isa = PBXGroup;
			children = (
				8771DB9C1EC593ED00347E90 /* cloud1.png */,
				874CB76A1EC5E0BB007FDD03 /* textField.png */,
				874CB7601EC5D99F007FDD03 /* cloud2.png */,
				8771DB981EC5902E00347E90 /* point.png */,
				8771DB9A1EC591F000347E90 /* homeImage.png */,
				8771DB901EC58F5800347E90 /* 多边形游戏.png */,
				8771DB881EC54D7E00347E90 /* icon.png */,
			);
			name = images;
			sourceTree = "<group>";
		};
		879A8BD91EB8D22A000FB1FD = {
			isa = PBXGroup;
			children = (
				879A8BE41EB8D22A000FB1FD /* PolygonGame */,
				879A8BE31EB8D22A000FB1FD /* Products */,
				79541DAA8B1D59A5EEFB30EE /* Pods */,
				DDFD962690BD4D9E58767BDC /* Frameworks */,
			);
			sourceTree = "<group>";
		};
		879A8BE31EB8D22A000FB1FD /* Products */ = {
			isa = PBXGroup;
			children = (
				879A8BE21EB8D22A000FB1FD /* PolygonGame.app */,
			);
			name = Products;
			sourceTree = "<group>";
		};
		879A8BE41EB8D22A000FB1FD /* PolygonGame */ = {
			isa = PBXGroup;
			children = (
				874CB75D1EC5B1FE007FDD03 /* Wawati SC.otf */,
				879A8BE81EB8D22A000FB1FD /* AppDelegate.h */,
				879A8BE91EB8D22A000FB1FD /* AppDelegate.m */,
				871776EA1EBA1C540081F05E /* HomeViewController.h */,
				871776EB1EBA1C540081F05E /* HomeViewController.m */,
				871776ED1EBA1CAF0081F05E /* GameViewController.h */,
				871776EE1EBA1CAF0081F05E /* GameViewController.m */,
				8771DB821EC3348100347E90 /* StepTableViewController.h */,
				8771DB831EC3348100347E90 /* StepTableViewController.m */,
				8771DB7D1EC3347400347E90 /* StepCell.h */,
				8771DB7E1EC3347400347E90 /* StepCell.m */,
				8771DB7F1EC3347400347E90 /* StepCell.xib */,
				879A8BEE1EB8D22A000FB1FD /* Main.storyboard */,
				8771DB851EC54D0200347E90 /* images */,
				879A8BF11EB8D22A000FB1FD /* Assets.xcassets */,
				879A8BF31EB8D22A000FB1FD /* LaunchScreen.storyboard */,
				879A8BF61EB8D22A000FB1FD /* Info.plist */,
				879A8BE51EB8D22A000FB1FD /* Supporting Files */,
			);
			path = PolygonGame;
			sourceTree = "<group>";
		};
		879A8BE51EB8D22A000FB1FD /* Supporting Files */ = {
			isa = PBXGroup;
			children = (
				879A8BE61EB8D22A000FB1FD /* main.m */,
			);
			name = "Supporting Files";
			sourceTree = "<group>";
		};
		DDFD962690BD4D9E58767BDC /* Frameworks */ = {
			isa = PBXGroup;
			children = (
				A6C41F2C8E53DCADC9309BD6 /* libPods-PolygonGame.a */,
			);
			name = Frameworks;
			sourceTree = "<group>";
		};
/* End PBXGroup section */

/* Begin PBXNativeTarget section */
		879A8BE11EB8D22A000FB1FD /* PolygonGame */ = {
			isa = PBXNativeTarget;
			buildConfigurationList = 879A8BF91EB8D22A000FB1FD /* Build configuration list for PBXNativeTarget "PolygonGame" */;
			buildPhases = (
				A2C53E56147EF8E42AD3C7BF /* [CP] Check Pods Manifest.lock */,
				879A8BDE1EB8D22A000FB1FD /* Sources */,
				879A8BDF1EB8D22A000FB1FD /* Frameworks */,
				879A8BE01EB8D22A000FB1FD /* Resources */,
				00C28BD5CA21E6783EB2DA21 /* [CP] Embed Pods Frameworks */,
				006A50BB3775F516FC68891B /* [CP] Copy Pods Resources */,
			);
			buildRules = (
			);
			dependencies = (
			);
			name = PolygonGame;
			productName = PolygonGame;
			productReference = 879A8BE21EB8D22A000FB1FD /* PolygonGame.app */;
			productType = "com.apple.product-type.application";
		};
/* End PBXNativeTarget section */

/* Begin PBXProject section */
		879A8BDA1EB8D22A000FB1FD /* Project object */ = {
			isa = PBXProject;
			attributes = {
				LastUpgradeCheck = 0830;
				ORGANIZATIONNAME = boxytt;
				TargetAttributes = {
					879A8BE11EB8D22A000FB1FD = {
						CreatedOnToolsVersion = 8.3;
						DevelopmentTeam = JHAY233N42;
						ProvisioningStyle = Automatic;
					};
				};
			};
			buildConfigurationList = 879A8BDD1EB8D22A000FB1FD /* Build configuration list for PBXProject "PolygonGame" */;
			compatibilityVersion = "Xcode 3.2";
			developmentRegion = English;
			hasScannedForEncodings = 0;
			knownRegions = (
				en,
				Base,
			);
			mainGroup = 879A8BD91EB8D22A000FB1FD;
			productRefGroup = 879A8BE31EB8D22A000FB1FD /* Products */;
			projectDirPath = "";
			projectRoot = "";
			targets = (
				879A8BE11EB8D22A000FB1FD /* PolygonGame */,
			);
		};
/* End PBXProject section */

/* Begin PBXResourcesBuildPhase section */
		879A8BE01EB8D22A000FB1FD /* Resources */ = {
			isa = PBXResourcesBuildPhase;
			buildActionMask = 2147483647;
			files = (
				874CB75F1EC5B246007FDD03 /* Wawati SC.otf in Resources */,
				874CB76B1EC5E0BB007FDD03 /* textField.png in Resources */,
				8771DB911EC58F5800347E90 /* 多边形游戏.png in Resources */,
				8771DB991EC5902E00347E90 /* point.png in Resources */,
				8771DB811EC3347400347E90 /* StepCell.xib in Resources */,
				8771DB891EC54D7E00347E90 /* icon.png in Resources */,
				879A8BF51EB8D22A000FB1FD /* LaunchScreen.storyboard in Resources */,
				8771DB9D1EC593ED00347E90 /* cloud1.png in Resources */,
				879A8BF21EB8D22A000FB1FD /* Assets.xcassets in Resources */,
				874CB7611EC5D99F007FDD03 /* cloud2.png in Resources */,
				879A8BF01EB8D22A000FB1FD /* Main.storyboard in Resources */,
				8771DB9B1EC591F000347E90 /* homeImage.png in Resources */,
			);
			runOnlyForDeploymentPostprocessing = 0;
		};
/* End PBXResourcesBuildPhase section */

/* Begin PBXShellScriptBuildPhase section */
		006A50BB3775F516FC68891B /* [CP] Copy Pods Resources */ = {
			isa = PBXShellScriptBuildPhase;
			buildActionMask = 2147483647;
			files = (
			);
			inputPaths = (
			);
			name = "[CP] Copy Pods Resources";
			outputPaths = (
			);
			runOnlyForDeploymentPostprocessing = 0;
			shellPath = /bin/sh;
			shellScript = "\"${SRCROOT}/Pods/Target Support Files/Pods-PolygonGame/Pods-PolygonGame-resources.sh\"\n";
			showEnvVarsInLog = 0;
		};
		00C28BD5CA21E6783EB2DA21 /* [CP] Embed Pods Frameworks */ = {
			isa = PBXShellScriptBuildPhase;
			buildActionMask = 2147483647;
			files = (
			);
			inputPaths = (
			);
			name = "[CP] Embed Pods Frameworks";
			outputPaths = (
			);
			runOnlyForDeploymentPostprocessing = 0;
			shellPath = /bin/sh;
			shellScript = "\"${SRCROOT}/Pods/Target Support Files/Pods-PolygonGame/Pods-PolygonGame-frameworks.sh\"\n";
			showEnvVarsInLog = 0;
		};
		A2C53E56147EF8E42AD3C7BF /* [CP] Check Pods Manifest.lock */ = {
			isa = PBXShellScriptBuildPhase;
			buildActionMask = 2147483647;
			files = (
			);
			inputPaths = (
			);
			name = "[CP] Check Pods Manifest.lock";
			outputPaths = (
			);
			runOnlyForDeploymentPostprocessing = 0;
			shellPath = /bin/sh;
			shellScript = "diff \"${PODS_ROOT}/../Podfile.lock\" \"${PODS_ROOT}/Manifest.lock\" > /dev/null\nif [[ $? != 0 ]] ; then\n    cat << EOM\nerror: The sandbox is not in sync with the Podfile.lock. Run 'pod install' or update your CocoaPods installation.\nEOM\n    exit 1\nfi\n";
			showEnvVarsInLog = 0;
		};
/* End PBXShellScriptBuildPhase section */

/* Begin PBXSourcesBuildPhase section */
		879A8BDE1EB8D22A000FB1FD /* Sources */ = {
			isa = PBXSourcesBuildPhase;
			buildActionMask = 2147483647;
			files = (
				871776EF1EBA1CAF0081F05E /* GameViewController.m in Sources */,
				879A8BEA1EB8D22A000FB1FD /* AppDelegate.m in Sources */,
				8771DB801EC3347400347E90 /* StepCell.m in Sources */,
				879A8BE71EB8D22A000FB1FD /* main.m in Sources */,
				871776EC1EBA1C540081F05E /* HomeViewController.m in Sources */,
				8771DB841EC3348100347E90 /* StepTableViewController.m in Sources */,
			);
			runOnlyForDeploymentPostprocessing = 0;
		};
/* End PBXSourcesBuildPhase section */

/* Begin PBXVariantGroup section */
		879A8BEE1EB8D22A000FB1FD /* Main.storyboard */ = {
			isa = PBXVariantGroup;
			children = (
				879A8BEF1EB8D22A000FB1FD /* Base */,
			);
			name = Main.storyboard;
			sourceTree = "<group>";
		};
		879A8BF31EB8D22A000FB1FD /* LaunchScreen.storyboard */ = {
			isa = PBXVariantGroup;
			children = (
				879A8BF41EB8D22A000FB1FD /* Base */,
			);
			name = LaunchScreen.storyboard;
			sourceTree = "<group>";
		};
/* End PBXVariantGroup section */

/* Begin XCBuildConfiguration section */
		879A8BF71EB8D22A000FB1FD /* Debug */ = {
			isa = XCBuildConfiguration;
			buildSettings = {
				ALWAYS_SEARCH_USER_PATHS = NO;
				CLANG_ANALYZER_NONNULL = YES;
				CLANG_ANALYZER_NUMBER_OBJECT_CONVERSION = YES_AGGRESSIVE;
				CLANG_CXX_LANGUAGE_STANDARD = "gnu++0x";
				CLANG_CXX_LIBRARY = "libc++";
				CLANG_ENABLE_MODULES = YES;
				CLANG_ENABLE_OBJC_ARC = YES;
				CLANG_WARN_BOOL_CONVERSION = YES;
				CLANG_WARN_CONSTANT_CONVERSION = YES;
				CLANG_WARN_DIRECT_OBJC_ISA_USAGE = YES_ERROR;
				CLANG_WARN_DOCUMENTATION_COMMENTS = YES;
				CLANG_WARN_EMPTY_BODY = YES;
				CLANG_WARN_ENUM_CONVERSION = YES;
				CLANG_WARN_INFINITE_RECURSION = YES;
				CLANG_WARN_INT_CONVERSION = YES;
				CLANG_WARN_OBJC_ROOT_CLASS = YES_ERROR;
				CLANG_WARN_SUSPICIOUS_MOVE = YES;
				CLANG_WARN_UNREACHABLE_CODE = YES;
				CLANG_WARN__DUPLICATE_METHOD_MATCH = YES;
				"CODE_SIGN_IDENTITY[sdk=iphoneos*]" = "iPhone Developer";
				COPY_PHASE_STRIP = NO;
				DEBUG_INFORMATION_FORMAT = dwarf;
				ENABLE_STRICT_OBJC_MSGSEND = YES;
				ENABLE_TESTABILITY = YES;
				GCC_C_LANGUAGE_STANDARD = gnu99;
				GCC_DYNAMIC_NO_PIC = NO;
				GCC_NO_COMMON_BLOCKS = YES;
				GCC_OPTIMIZATION_LEVEL = 0;
				GCC_PREPROCESSOR_DEFINITIONS = (
					"DEBUG=1",
					"$(inherited)",
				);
				GCC_WARN_64_TO_32_BIT_CONVERSION = YES;
				GCC_WARN_ABOUT_RETURN_TYPE = YES_ERROR;
				GCC_WARN_UNDECLARED_SELECTOR = YES;
				GCC_WARN_UNINITIALIZED_AUTOS = YES_AGGRESSIVE;
				GCC_WARN_UNUSED_FUNCTION = YES;
				GCC_WARN_UNUSED_VARIABLE = YES;
				IPHONEOS_DEPLOYMENT_TARGET = 10.3;
				MTL_ENABLE_DEBUG_INFO = YES;
				ONLY_ACTIVE_ARCH = YES;
				SDKROOT = iphoneos;
			};
			name = Debug;
		};
		879A8BF81EB8D22A000FB1FD /* Release */ = {
			isa = XCBuildConfiguration;
			buildSettings = {
				ALWAYS_SEARCH_USER_PATHS = NO;
				CLANG_ANALYZER_NONNULL = YES;
				CLANG_ANALYZER_NUMBER_OBJECT_CONVERSION = YES_AGGRESSIVE;
				CLANG_CXX_LANGUAGE_STANDARD = "gnu++0x";
				CLANG_CXX_LIBRARY = "libc++";
				CLANG_ENABLE_MODULES = YES;
				CLANG_ENABLE_OBJC_ARC = YES;
				CLANG_WARN_BOOL_CONVERSION = YES;
				CLANG_WARN_CONSTANT_CONVERSION = YES;
				CLANG_WARN_DIRECT_OBJC_ISA_USAGE = YES_ERROR;
				CLANG_WARN_DOCUMENTATION_COMMENTS = YES;
				CLANG_WARN_EMPTY_BODY = YES;
				CLANG_WARN_ENUM_CONVERSION = YES;
				CLANG_WARN_INFINITE_RECURSION = YES;
				CLANG_WARN_INT_CONVERSION = YES;
				CLANG_WARN_OBJC_ROOT_CLASS = YES_ERROR;
				CLANG_WARN_SUSPICIOUS_MOVE = YES;
				CLANG_WARN_UNREACHABLE_CODE = YES;
				CLANG_WARN__DUPLICATE_METHOD_MATCH = YES;
				"CODE_SIGN_IDENTITY[sdk=iphoneos*]" = "iPhone Developer";
				COPY_PHASE_STRIP = NO;
				DEBUG_INFORMATION_FORMAT = "dwarf-with-dsym";
				ENABLE_NS_ASSERTIONS = NO;
				ENABLE_STRICT_OBJC_MSGSEND = YES;
				GCC_C_LANGUAGE_STANDARD = gnu99;
				GCC_NO_COMMON_BLOCKS = YES;
				GCC_WARN_64_TO_32_BIT_CONVERSION = YES;
				GCC_WARN_ABOUT_RETURN_TYPE = YES_ERROR;
				GCC_WARN_UNDECLARED_SELECTOR = YES;
				GCC_WARN_UNINITIALIZED_AUTOS = YES_AGGRESSIVE;
				GCC_WARN_UNUSED_FUNCTION = YES;
				GCC_WARN_UNUSED_VARIABLE = YES;
				IPHONEOS_DEPLOYMENT_TARGET = 10.3;
				MTL_ENABLE_DEBUG_INFO = NO;
				SDKROOT = iphoneos;
				VALIDATE_PRODUCT = YES;
			};
			name = Release;
		};
		879A8BFA1EB8D22A000FB1FD /* Debug */ = {
			isa = XCBuildConfiguration;
			baseConfigurationReference = 3AA5ACBF09300082DA2B8035 /* Pods-PolygonGame.debug.xcconfig */;
			buildSettings = {
				ASSETCATALOG_COMPILER_APPICON_NAME = AppIcon;
				DEVELOPMENT_TEAM = JHAY233N42;
				INFOPLIST_FILE = PolygonGame/Info.plist;
				LD_RUNPATH_SEARCH_PATHS = "$(inherited) @executable_path/Frameworks";
				PRODUCT_BUNDLE_IDENTIFIER = com.boxytt.PolygonGame;
				PRODUCT_NAME = "$(TARGET_NAME)";
			};
			name = Debug;
		};
		879A8BFB1EB8D22A000FB1FD /* Release */ = {
			isa = XCBuildConfiguration;
			baseConfigurationReference = C1BC345F1F448401C1984D8C /* Pods-PolygonGame.release.xcconfig */;
			buildSettings = {
				ASSETCATALOG_COMPILER_APPICON_NAME = AppIcon;
				DEVELOPMENT_TEAM = JHAY233N42;
				INFOPLIST_FILE = PolygonGame/Info.plist;
				LD_RUNPATH_SEARCH_PATHS = "$(inherited) @executable_path/Frameworks";
				PRODUCT_BUNDLE_IDENTIFIER = com.boxytt.PolygonGame;
				PRODUCT_NAME = "$(TARGET_NAME)";
			};
			name = Release;
		};
/* End XCBuildConfiguration section */

/* Begin XCConfigurationList section */
		879A8BDD1EB8D22A000FB1FD /* Build configuration list for PBXProject "PolygonGame" */ = {
			isa = XCConfigurationList;
			buildConfigurations = (
				879A8BF71EB8D22A000FB1FD /* Debug */,
				879A8BF81EB8D22A000FB1FD /* Release */,
			);
			defaultConfigurationIsVisible = 0;
			defaultConfigurationName = Release;
		};
		879A8BF91EB8D22A000FB1FD /* Build configuration list for PBXNativeTarget "PolygonGame" */ = {
			isa = XCConfigurationList;
			buildConfigurations = (
				879A8BFA1EB8D22A000FB1FD /* Debug */,
				879A8BFB1EB8D22A000FB1FD /* Release */,
			);
			defaultConfigurationIsVisible = 0;
			defaultConfigurationName = Release;
		};
/* End XCConfigurationList section */
	};
	rootObject = 879A8BDA1EB8D22A000FB1FD /* Project object */;
}
